dependencies:
- name: vault
  repository: https://helm.releases.hashicorp.com
  version: 0.10.0
- name: redis
  repository: https://charts.bitnami.com/bitnami
  version: 16.12.2
- name: mockserver
  repository: https://www.mock-server.com
  version: 5.13.2
digest: sha256:26dc04a9d78d2e2afce54b2807aec5d0c5d3456f02b289430a2b8e454cc65d2c
generated: "2022-06-17T14:32:46.83415756+01:00"
