dependencies:
- name: vault
  repository: https://helm.releases.hashicorp.com
  version: 0.10.0
- name: redis
  repository: https://charts.bitnami.com/bitnami
  version: 12.0.0
- name: mockserver
  repository: https://www.mock-server.com
  version: 5.13.2
digest: sha256:c43d15e3fd4db88ab3b9763f767b40d0e38a41112bd2fda5126ed3263f1ee939
generated: "2022-04-22T23:48:28.862664591+02:00"
