dependencies:
- name: vault
  repository: https://helm.releases.hashicorp.com
  version: 0.8.0
- name: redis
  repository: https://charts.bitnami.com/bitnami
  version: 12.0.0
- name: mockserver
  repository: https://www.mock-server.com
  version: 5.13.2
digest: sha256:8d461755b09dcc057a06957698aa8da8772c493c0e01cb3e0192a0d496adb43a
generated: "2022-04-21T18:01:24.419343713+02:00"
