dependencies:
- name: vault
  repository: https://helm.releases.hashicorp.com
  version: 0.20.1
- name: redis
  repository: https://charts.bitnami.com/bitnami
  version: 16.12.2
- name: mockserver
  repository: https://www.mock-server.com
  version: 5.13.2
digest: sha256:130415d675e5531eaba58a6ecd6ef32e87bc00836d76d7f1cc68532822b523ae
generated: "2023-03-07T16:30:02.321469908Z"
